
Microsoft Visual Studio Solution File, Format Version 12.00
# Visual Studio Version 17
VisualStudioVersion = 17.8.34309.116
MinimumVisualStudioVersion = 10.0.40219.1
Project("{8BC9CEB8-8B4A-11D0-8D11-00A0C91BC942}") = "NUGUSEM_serverGUI", "NUGUSEM_serverGUI\NUGUSEM_serverGUI.vcxproj", "{2B353F78-2DE4-4B7F-BA4D-CF1CA0379370}"
EndProject
Project("{8BC9CEB8-8B4A-11D0-8D11-00A0C91BC942}") = "Lib_Telecommunication", "Lib_Telecommunication\Lib_Telecommunication.vcxproj", "{D35FE4B5-F693-4CB1-AA40-DF03B6532640}"
EndProject
Global
	GlobalSection(SolutionConfigurationPlatforms) = preSolution
		Debug|x64 = Debug|x64
		Debug|x86 = Debug|x86
		Release|x64 = Release|x64
		Release|x86 = Release|x86
	EndGlobalSection
	GlobalSection(ProjectConfigurationPlatforms) = postSolution
		{2B353F78-2DE4-4B7F-BA4D-CF1CA0379370}.Debug|x64.ActiveCfg = Debug|x64
		{2B353F78-2DE4-4B7F-BA4D-CF1CA0379370}.Debug|x64.Build.0 = Debug|x64
		{2B353F78-2DE4-4B7F-BA4D-CF1CA0379370}.Debug|x86.ActiveCfg = Debug|Win32
		{2B353F78-2DE4-4B7F-BA4D-CF1CA0379370}.Debug|x86.Build.0 = Debug|Win32
		{2B353F78-2DE4-4B7F-BA4D-CF1CA0379370}.Release|x64.ActiveCfg = Release|x64
		{2B353F78-2DE4-4B7F-BA4D-CF1CA0379370}.Release|x64.Build.0 = Release|x64
		{2B353F78-2DE4-4B7F-BA4D-CF1CA0379370}.Release|x86.ActiveCfg = Release|Win32
		{2B353F78-2DE4-4B7F-BA4D-CF1CA0379370}.Release|x86.Build.0 = Release|Win32
		{D35FE4B5-F693-4CB1-AA40-DF03B6532640}.Debug|x64.ActiveCfg = Debug|x64
		{D35FE4B5-F693-4CB1-AA40-DF03B6532640}.Debug|x64.Build.0 = Debug|x64
		{D35FE4B5-F693-4CB1-AA40-DF03B6532640}.Debug|x86.ActiveCfg = Debug|Win32
		{D35FE4B5-F693-4CB1-AA40-DF03B6532640}.Debug|x86.Build.0 = Debug|Win32
		{D35FE4B5-F693-4CB1-AA40-DF03B6532640}.Release|x64.ActiveCfg = Release|x64
		{D35FE4B5-F693-4CB1-AA40-DF03B6532640}.Release|x64.Build.0 = Release|x64
		{D35FE4B5-F693-4CB1-AA40-DF03B6532640}.Release|x86.ActiveCfg = Release|Win32
		{D35FE4B5-F693-4CB1-AA40-DF03B6532640}.Release|x86.Build.0 = Release|Win32
	EndGlobalSection
	GlobalSection(SolutionProperties) = preSolution
		HideSolutionNode = FALSE
	EndGlobalSection
	GlobalSection(ExtensibilityGlobals) = postSolution
		SolutionGuid = {3ED245A1-8952-452E-8DCB-D7331705801D}
	EndGlobalSection
EndGlobal
